PODS:
  - Expecta (0.2.3)
  - FXBlurView (1.5.3)
  - LRImageManager (1.0):
    - Reachability
  - LRNotificationObserver (0.1.2)
  - OCHamcrest (3.0.1)
  - OCMock (2.2.3)
  - OCMockito (1.1.0):
    - OCHamcrest (~> 3.0)
  - Reachability (3.1.1)
  - Specta (0.2.1)
  - Typhoon (1.7.9):
    - Typhoon/no-arc
  - Typhoon/no-arc (1.7.9)

DEPENDENCIES:
  - Expecta (~> 0.2.3)
  - FXBlurView (~> 1.5.3)
  - LRImageManager (~> 1.0)
  - LRNotificationObserver (~> 0.1.2)
  - OCMock (~> 2.2.3)
  - OCMockito (~> 1.1.0)
  - Specta (~> 0.2.1)
  - Typhoon (~> 1.7.9)

SPEC CHECKSUMS:
  Expecta: 578e0c29df79a96a159187599e2def686ef6a66c
  FXBlurView: e83ac5806d57aabe048b413d8b2cd7247edfc502
  LRImageManager: df31b13f54919d5708f5c6d3639068221097b3b2
  LRNotificationObserver: e77ad9cc1343be11a80cc31477c9cadd0bf3479d
  OCHamcrest: 207233b7d7a44dadd66aca398947cc7e029c9be5
  OCMock: 807b6904818c42b86f42f36352ce7615b816e61a
  OCMockito: bf7def7b3939f794b1e7b44420f611250b1f2781
  Reachability: 8e9635e3cb4f98e7f825e51147f677ecc694d0e7
  Specta: 9141310f46b1f68b676650ff2854e1ed0b74163a
  Typhoon: e03f7b8ee80465b27155e71c951497ee7af75697

COCOAPODS: 0.33.1
